{
  "version": "5",
  "specifiers": {
    "jsr:@std/assert@*": "1.0.19",
    "jsr:@std/internal@^1.0.12": "1.0.14"
  },
  "jsr": {
    "@std/assert@1.0.19": {
      "integrity": "eaada96ee120cb980bc47e040f82814d786fe8162ecc53c91d8df60b8755991e",
      "dependencies": [
        "jsr:@std/internal"
      ]
    },
    "@std/internal@1.0.14": {
      "integrity": "291516b3d4c35024d6ffbc0a9df5bf4c64116e05b50012cf846710152d2ffdf7"
    }
  },
  "workspace": {
    "dependencies": [
      "jsr:@supabase/functions-js@2",
      "npm:@google/genai@2.11.0",
      "npm:@supabase/supabase-js@2.110.8"
    ],
    "packageJson": {
      "dependencies": [
        "npm:@eslint/js@9.39.1",
        "npm:@iconify/react@^6.0.2",
        "npm:@imgly/background-removal@^1.7.0",
        "npm:@paddleocr/paddleocr-js@0.4.2",
        "npm:@playwright/test@1.61.1",
        "npm:@supabase/ssr@0.10.0",
        "npm:@supabase/supabase-js@2.110.8",
        "npm:@tailwindcss/postcss@4.1.17",
        "npm:@types/react-dom@^19.2.3",
        "npm:@types/react@^19.2.5",
        "npm:client-only@0.0.1",
        "npm:deno@2.9.0",
        "npm:eslint-plugin-react-hooks@7.0.1",
        "npm:eslint@9.39.1",
        "npm:framer-motion@^12.34.0",
        "npm:globals@16.5.0",
        "npm:html-to-image@^1.11.13",
        "npm:jspdf@^4.2.1",
        "npm:next@16.2.12",
        "npm:react-dom@^19.2.0",
        "npm:react-icons@^5.5.0",
        "npm:react-qr-code@^2.0.18",
        "npm:react@^19.2.0",
        "npm:server-only@0.0.1",
        "npm:sileo@0.1.5",
        "npm:styled-components@^6.1.19",
        "npm:supabase@2.109.1",
        "npm:tailwindcss@4.1.17",
        "npm:zustand@^5.0.9"
      ],
      "overrides": {
        "@paddleocr/paddleocr-js": {
          "onnxruntime-web": "1.24.3"
        }
      }
    }
  }
}
